PODS:
  - boost-for-react-native (1.63.0)
  - DoubleConversion (1.1.6)
  - FBLazyVector (0.61.0-rc.2)
  - FBReactNativeSpec (0.61.0-rc.2):
    - Folly (= 2018.10.22.00)
    - RCTRequired (= 0.61.0-rc.2)
    - RCTTypeSafety (= 0.61.0-rc.2)
    - React-Core (= 0.61.0-rc.2)
    - React-jsi (= 0.61.0-rc.2)
    - ReactCommon/turbomodule/core (= 0.61.0-rc.2)
  - Folly (2018.10.22.00):
    - boost-for-react-native
    - DoubleConversion
    - Folly/Default (= 2018.10.22.00)
    - glog
  - Folly/Default (2018.10.22.00):
    - boost-for-react-native
    - DoubleConversion
    - glog
  - glog (0.3.5)
  - RCTRequired (0.61.0-rc.2)
  - RCTTypeSafety (0.61.0-rc.2):
    - FBLazyVector (= 0.61.0-rc.2)
    - Folly (= 2018.10.22.00)
    - RCTRequired (= 0.61.0-rc.2)
    - React-Core (= 0.61.0-rc.2)
  - React (0.61.0-rc.2):
    - React-Core (= 0.61.0-rc.2)
    - React-DevSupport (= 0.61.0-rc.2)
    - React-RCTActionSheet (= 0.61.0-rc.2)
    - React-RCTAnimation (= 0.61.0-rc.2)
    - React-RCTBlob (= 0.61.0-rc.2)
    - React-RCTImage (= 0.61.0-rc.2)
    - React-RCTLinking (= 0.61.0-rc.2)
    - React-RCTNetwork (= 0.61.0-rc.2)
    - React-RCTSettings (= 0.61.0-rc.2)
    - React-RCTText (= 0.61.0-rc.2)
    - React-RCTVibration (= 0.61.0-rc.2)
    - React-RCTWebSocket (= 0.61.0-rc.2)
  - React-Core (0.61.0-rc.2):
    - Folly (= 2018.10.22.00)
    - glog
    - React-Core/Default (= 0.61.0-rc.2)
    - React-cxxreact (= 0.61.0-rc.2)
    - React-jsi (= 0.61.0-rc.2)
    - React-jsiexecutor (= 0.61.0-rc.2)
    - Yoga
  - React-Core/CoreModulesHeaders (0.61.0-rc.2):
    - Folly (= 2018.10.22.00)
    - glog
    - React-Core/Default
    - React-cxxreact (= 0.61.0-rc.2)
    - React-jsi (= 0.61.0-rc.2)
    - React-jsiexecutor (= 0.61.0-rc.2)
    - Yoga
  - React-Core/Default (0.61.0-rc.2):
    - Folly (= 2018.10.22.00)
    - glog
    - React-cxxreact (= 0.61.0-rc.2)
    - React-jsi (= 0.61.0-rc.2)
    - React-jsiexecutor (= 0.61.0-rc.2)
    - Yoga
  - React-Core/DevSupportHeaders (0.61.0-rc.2):
    - Folly (= 2018.10.22.00)
    - glog
    - React-Core/Default
    - React-cxxreact (= 0.61.0-rc.2)
    - React-jsi (= 0.61.0-rc.2)
    - React-jsiexecutor (= 0.61.0-rc.2)
    - Yoga
  - React-Core/RCTActionSheetHeaders (0.61.0-rc.2):
    - Folly (= 2018.10.22.00)
    - glog
    - React-Core/Default
    - React-cxxreact (= 0.61.0-rc.2)
    - React-jsi (= 0.61.0-rc.2)
    - React-jsiexecutor (= 0.61.0-rc.2)
    - Yoga
  - React-Core/RCTAnimationHeaders (0.61.0-rc.2):
    - Folly (= 2018.10.22.00)
    - glog
    - React-Core/Default
    - React-cxxreact (= 0.61.0-rc.2)
    - React-jsi (= 0.61.0-rc.2)
    - React-jsiexecutor (= 0.61.0-rc.2)
    - Yoga
  - React-Core/RCTBlobHeaders (0.61.0-rc.2):
    - Folly (= 2018.10.22.00)
    - glog
    - React-Core/Default
    - React-cxxreact (= 0.61.0-rc.2)
    - React-jsi (= 0.61.0-rc.2)
    - React-jsiexecutor (= 0.61.0-rc.2)
    - Yoga
  - React-Core/RCTImageHeaders (0.61.0-rc.2):
    - Folly (= 2018.10.22.00)
    - glog
    - React-Core/Default
    - React-cxxreact (= 0.61.0-rc.2)
    - React-jsi (= 0.61.0-rc.2)
    - React-jsiexecutor (= 0.61.0-rc.2)
    - Yoga
  - React-Core/RCTLinkingHeaders (0.61.0-rc.2):
    - Folly (= 2018.10.22.00)
    - glog
    - React-Core/Default
    - React-cxxreact (= 0.61.0-rc.2)
    - React-jsi (= 0.61.0-rc.2)
    - React-jsiexecutor (= 0.61.0-rc.2)
    - Yoga
  - React-Core/RCTNetworkHeaders (0.61.0-rc.2):
    - Folly (= 2018.10.22.00)
    - glog
    - React-Core/Default
    - React-cxxreact (= 0.61.0-rc.2)
    - React-jsi (= 0.61.0-rc.2)
    - React-jsiexecutor (= 0.61.0-rc.2)
    - Yoga
  - React-Core/RCTSettingsHeaders (0.61.0-rc.2):
    - Folly (= 2018.10.22.00)
    - glog
    - React-Core/Default
    - React-cxxreact (= 0.61.0-rc.2)
    - React-jsi (= 0.61.0-rc.2)
    - React-jsiexecutor (= 0.61.0-rc.2)
    - Yoga
  - React-Core/RCTTextHeaders (0.61.0-rc.2):
    - Folly (= 2018.10.22.00)
    - glog
    - React-Core/Default
    - React-cxxreact (= 0.61.0-rc.2)
    - React-jsi (= 0.61.0-rc.2)
    - React-jsiexecutor (= 0.61.0-rc.2)
    - Yoga
  - React-Core/RCTVibrationHeaders (0.61.0-rc.2):
    - Folly (= 2018.10.22.00)
    - glog
    - React-Core/Default
    - React-cxxreact (= 0.61.0-rc.2)
    - React-jsi (= 0.61.0-rc.2)
    - React-jsiexecutor (= 0.61.0-rc.2)
    - Yoga
  - React-Core/RCTWebSocketHeaders (0.61.0-rc.2):
    - Folly (= 2018.10.22.00)
    - glog
    - React-Core/Default
    - React-cxxreact (= 0.61.0-rc.2)
    - React-jsi (= 0.61.0-rc.2)
    - React-jsiexecutor (= 0.61.0-rc.2)
    - Yoga
  - React-CoreModules (0.61.0-rc.2):
    - FBReactNativeSpec (= 0.61.0-rc.2)
    - Folly (= 2018.10.22.00)
    - React-Core/CoreModulesHeaders (= 0.61.0-rc.2)
  - React-cxxreact (0.61.0-rc.2):
    - boost-for-react-native (= 1.63.0)
    - DoubleConversion
    - Folly (= 2018.10.22.00)
    - glog
    - React-jsinspector (= 0.61.0-rc.2)
  - React-DevSupport (0.61.0-rc.2):
    - React-Core/DevSupportHeaders (= 0.61.0-rc.2)
    - React-jsinspector (= 0.61.0-rc.2)
    - React-RCTWebSocket (= 0.61.0-rc.2)
  - React-jsi (0.61.0-rc.2):
    - boost-for-react-native (= 1.63.0)
    - DoubleConversion
    - Folly (= 2018.10.22.00)
    - glog
    - React-jsi/Default (= 0.61.0-rc.2)
  - React-jsi/Default (0.61.0-rc.2):
    - boost-for-react-native (= 1.63.0)
    - DoubleConversion
    - Folly (= 2018.10.22.00)
    - glog
  - React-jsiexecutor (0.61.0-rc.2):
    - DoubleConversion
    - Folly (= 2018.10.22.00)
    - glog
    - React-cxxreact (= 0.61.0-rc.2)
    - React-jsi (= 0.61.0-rc.2)
  - React-jsinspector (0.61.0-rc.2)
  - React-RCTActionSheet (0.61.0-rc.2):
    - React-Core/RCTActionSheetHeaders (= 0.61.0-rc.2)
  - React-RCTAnimation (0.61.0-rc.2):
    - React-Core/RCTAnimationHeaders (= 0.61.0-rc.2)
  - React-RCTBlob (0.61.0-rc.2):
    - React-Core/RCTBlobHeaders (= 0.61.0-rc.2)
    - React-jsi (= 0.61.0-rc.2)
    - React-RCTNetwork (= 0.61.0-rc.2)
    - React-RCTWebSocket (= 0.61.0-rc.2)
  - React-RCTImage (0.61.0-rc.2):
    - React-Core/RCTImageHeaders (= 0.61.0-rc.2)
    - React-RCTNetwork (= 0.61.0-rc.2)
  - React-RCTLinking (0.61.0-rc.2):
    - React-Core/RCTLinkingHeaders (= 0.61.0-rc.2)
  - React-RCTNetwork (0.61.0-rc.2):
    - React-Core/RCTNetworkHeaders (= 0.61.0-rc.2)
  - React-RCTSettings (0.61.0-rc.2):
    - React-Core/RCTSettingsHeaders (= 0.61.0-rc.2)
  - React-RCTText (0.61.0-rc.2):
    - React-Core/RCTTextHeaders (= 0.61.0-rc.2)
  - React-RCTVibration (0.61.0-rc.2):
    - React-Core/RCTVibrationHeaders (= 0.61.0-rc.2)
  - React-RCTWebSocket (0.61.0-rc.2):
    - React-Core/RCTWebSocketHeaders (= 0.61.0-rc.2)
  - ReactCommon/jscallinvoker (0.61.0-rc.2):
    - DoubleConversion
    - Folly (= 2018.10.22.00)
    - glog
    - React-cxxreact (= 0.61.0-rc.2)
  - ReactCommon/turbomodule/core (0.61.0-rc.2):
    - DoubleConversion
    - Folly (= 2018.10.22.00)
    - glog
    - React-Core (= 0.61.0-rc.2)
    - React-cxxreact (= 0.61.0-rc.2)
    - React-jsi (= 0.61.0-rc.2)
    - ReactCommon/jscallinvoker (= 0.61.0-rc.2)
  - Yoga (1.14.0)

DEPENDENCIES:
  - DoubleConversion (from `../node_modules/react-native/third-party-podspecs/DoubleConversion.podspec`)
  - FBLazyVector (from `../node_modules/react-native/Libraries/FBLazyVector`)
  - FBReactNativeSpec (from `../node_modules/react-native/Libraries/FBReactNativeSpec`)
  - Folly (from `../node_modules/react-native/third-party-podspecs/Folly.podspec`)
  - glog (from `../node_modules/react-native/third-party-podspecs/glog.podspec`)
  - RCTRequired (from `../node_modules/react-native/Libraries/RCTRequired`)
  - RCTTypeSafety (from `../node_modules/react-native/Libraries/TypeSafety`)
  - React (from `../node_modules/react-native/`)
  - React-Core (from `../node_modules/react-native/`)
  - React-CoreModules (from `../node_modules/react-native/React/CoreModules`)
  - React-cxxreact (from `../node_modules/react-native/ReactCommon/cxxreact`)
  - React-DevSupport (from `../node_modules/react-native/React`)
  - React-jsi (from `../node_modules/react-native/ReactCommon/jsi`)
  - React-jsiexecutor (from `../node_modules/react-native/ReactCommon/jsiexecutor`)
  - React-jsinspector (from `../node_modules/react-native/ReactCommon/jsinspector`)
  - React-RCTActionSheet (from `../node_modules/react-native/Libraries/ActionSheetIOS`)
  - React-RCTAnimation (from `../node_modules/react-native/Libraries/NativeAnimation`)
  - React-RCTBlob (from `../node_modules/react-native/Libraries/Blob`)
  - React-RCTImage (from `../node_modules/react-native/Libraries/Image`)
  - React-RCTLinking (from `../node_modules/react-native/Libraries/LinkingIOS`)
  - React-RCTNetwork (from `../node_modules/react-native/Libraries/Network`)
  - React-RCTSettings (from `../node_modules/react-native/Libraries/Settings`)
  - React-RCTText (from `../node_modules/react-native/Libraries/Text`)
  - React-RCTVibration (from `../node_modules/react-native/Libraries/Vibration`)
  - React-RCTWebSocket (from `../node_modules/react-native/Libraries/WebSocket`)
  - ReactCommon/jscallinvoker (from `../node_modules/react-native/ReactCommon`)
  - ReactCommon/turbomodule/core (from `../node_modules/react-native/ReactCommon`)
  - Yoga (from `../node_modules/react-native/ReactCommon/yoga`)

SPEC REPOS:
  https://github.com/cocoapods/specs.git:
    - boost-for-react-native

EXTERNAL SOURCES:
  DoubleConversion:
    :podspec: "../node_modules/react-native/third-party-podspecs/DoubleConversion.podspec"
  FBLazyVector:
    :path: "../node_modules/react-native/Libraries/FBLazyVector"
  FBReactNativeSpec:
    :path: "../node_modules/react-native/Libraries/FBReactNativeSpec"
  Folly:
    :podspec: "../node_modules/react-native/third-party-podspecs/Folly.podspec"
  glog:
    :podspec: "../node_modules/react-native/third-party-podspecs/glog.podspec"
  RCTRequired:
    :path: "../node_modules/react-native/Libraries/RCTRequired"
  RCTTypeSafety:
    :path: "../node_modules/react-native/Libraries/TypeSafety"
  React:
    :path: "../node_modules/react-native/"
  React-Core:
    :path: "../node_modules/react-native/"
  React-CoreModules:
    :path: "../node_modules/react-native/React/CoreModules"
  React-cxxreact:
    :path: "../node_modules/react-native/ReactCommon/cxxreact"
  React-DevSupport:
    :path: "../node_modules/react-native/React"
  React-jsi:
    :path: "../node_modules/react-native/ReactCommon/jsi"
  React-jsiexecutor:
    :path: "../node_modules/react-native/ReactCommon/jsiexecutor"
  React-jsinspector:
    :path: "../node_modules/react-native/ReactCommon/jsinspector"
  React-RCTActionSheet:
    :path: "../node_modules/react-native/Libraries/ActionSheetIOS"
  React-RCTAnimation:
    :path: "../node_modules/react-native/Libraries/NativeAnimation"
  React-RCTBlob:
    :path: "../node_modules/react-native/Libraries/Blob"
  React-RCTImage:
    :path: "../node_modules/react-native/Libraries/Image"
  React-RCTLinking:
    :path: "../node_modules/react-native/Libraries/LinkingIOS"
  React-RCTNetwork:
    :path: "../node_modules/react-native/Libraries/Network"
  React-RCTSettings:
    :path: "../node_modules/react-native/Libraries/Settings"
  React-RCTText:
    :path: "../node_modules/react-native/Libraries/Text"
  React-RCTVibration:
    :path: "../node_modules/react-native/Libraries/Vibration"
  React-RCTWebSocket:
    :path: "../node_modules/react-native/Libraries/WebSocket"
  ReactCommon:
    :path: "../node_modules/react-native/ReactCommon"
  Yoga:
    :path: "../node_modules/react-native/ReactCommon/yoga"

SPEC CHECKSUMS:
  boost-for-react-native: 39c7adb57c4e60d6c5479dd8623128eb5b3f0f2c
  DoubleConversion: 5805e889d232975c086db112ece9ed034df7a0b2
  FBLazyVector: cb37b5590a27600f0a889222d7c1f019625f4168
  FBReactNativeSpec: b69c990ac3cb2001c6ae3af5c6973ff1177587f5
  Folly: 30e7936e1c45c08d884aa59369ed951a8e68cf51
  glog: 1f3da668190260b06b429bb211bfbee5cd790c28
  RCTRequired: 8d40cf61ff498c9adbf30cc8a80e433c4e6155d1
  RCTTypeSafety: 3549d5578b5521de1d493c30a60eee2f611c2453
  React: c438ccc7e14e86d4702bb92d7e262f549ffaa995
  React-Core: 7888b65cb180571d548bbf920c8668b7ca662535
  React-CoreModules: eb6091d7a246ba10d86f1beba1b6f9d29572947f
  React-cxxreact: 6565b86e229bc4d73f099bd4c46ee749b81d7084
  React-DevSupport: ab504afe7a9de5e167a2c6fbc433e28790d34c89
  React-jsi: fa7fd3bc9f272b06a42741ffc66cd7255b1d876e
  React-jsiexecutor: ca616aa772891403792474071537cdd849c01a47
  React-jsinspector: b7f2375824e0b98329ed7d8aa1a858f8f86d966b
  React-RCTActionSheet: 6bd2f7079dc6b2c95571179d3c57f6b7dbc14a6e
  React-RCTAnimation: 530745df303cd0f415c1b00d1f0b447a91bdda03
  React-RCTBlob: a577f3f3cd6688dea18fc8b9ceb19b3ff96933a4
  React-RCTImage: 282d9d2031fdbf326e96bf1a5afe8823c7dccb5a
  React-RCTLinking: f55c0c30537f80f73cf8d2adb61bdd36cd65bf62
  React-RCTNetwork: ba518c342e6c6c5effd5022208d28d48f4b9c719
  React-RCTSettings: 3ed3378971220cd62ec5a9f3f0f4a8eaa248d37f
  React-RCTText: 5f731cfb6b1f3e54454bee2909b70716164c59ff
  React-RCTVibration: ecf9c61ee36e3e4578118acf1f3a99a0aab08631
  React-RCTWebSocket: 237e0c76af150597a58571a2cea214893625acfd
  ReactCommon: 935e6ddf45258acf67ddb02967be8640bfd1b8a1
  Yoga: 2f11a60ec905abc47afe7537625f6fcbd5106395

PODFILE CHECKSUM: d96c299bd69d3170742628b12c4b02c55f422d5f

COCOAPODS: 1.5.3
